
Microsoft Visual Studio Solution File, Format Version 12.00
# Visual Studio Version 17
VisualStudioVersion = 17.2.32630.192
MinimumVisualStudioVersion = 10.0.40219.1
Project("{9A19103F-16F7-4668-BE54-9A1E7A4F7556}") = "M8_SPA_Angular_02", "M8_SPA_Angular_02\M8_SPA_Angular_02.csproj", "{A55FEBF7-B9E8-4621-AA2D-D2D0DC698B1A}"
EndProject
Project("{9A19103F-16F7-4668-BE54-9A1E7A4F7556}") = "M8_SPA_Angular_01", "M8_SPA_Angular_01\M8_SPA_Angular_01.csproj", "{2045E219-0367-4C09-8DBE-B72B3BC1555A}"
EndProject
Global
	GlobalSection(SolutionConfigurationPlatforms) = preSolution
		Debug|Any CPU = Debug|Any CPU
		Release|Any CPU = Release|Any CPU
	EndGlobalSection
	GlobalSection(ProjectConfigurationPlatforms) = postSolution
		{A55FEBF7-B9E8-4621-AA2D-D2D0DC698B1A}.Debug|Any CPU.ActiveCfg = Debug|Any CPU
		{A55FEBF7-B9E8-4621-AA2D-D2D0DC698B1A}.Debug|Any CPU.Build.0 = Debug|Any CPU
		{A55FEBF7-B9E8-4621-AA2D-D2D0DC698B1A}.Release|Any CPU.ActiveCfg = Release|Any CPU
		{A55FEBF7-B9E8-4621-AA2D-D2D0DC698B1A}.Release|Any CPU.Build.0 = Release|Any CPU
		{2045E219-0367-4C09-8DBE-B72B3BC1555A}.Debug|Any CPU.ActiveCfg = Debug|Any CPU
		{2045E219-0367-4C09-8DBE-B72B3BC1555A}.Debug|Any CPU.Build.0 = Debug|Any CPU
		{2045E219-0367-4C09-8DBE-B72B3BC1555A}.Release|Any CPU.ActiveCfg = Release|Any CPU
		{2045E219-0367-4C09-8DBE-B72B3BC1555A}.Release|Any CPU.Build.0 = Release|Any CPU
	EndGlobalSection
	GlobalSection(SolutionProperties) = preSolution
		HideSolutionNode = FALSE
	EndGlobalSection
	GlobalSection(ExtensibilityGlobals) = postSolution
		SolutionGuid = {A441BF4A-5BEA-4F65-932C-0B8D69F490A5}
	EndGlobalSection
EndGlobal
